// !$*UTF8*$!
{
	archiveVersion = 1;
	classes = {
	};
	objectVersion = 56;
	objects = {

/* Begin PBXBuildFile section */
		86B5A542293F286C0090AFF6 /* AppDelegate.swift in Sources */ = {isa = PBXBuildFile; fileRef = 86B5A541293F286C0090AFF6 /* AppDelegate.swift */; };
		86B5A544293F286C0090AFF6 /* SceneDelegate.swift in Sources */ = {isa = PBXBuildFile; fileRef = 86B5A543293F286C0090AFF6 /* SceneDelegate.swift */; };
		86B5A546293F286C0090AFF6 /* ViewController.swift in Sources */ = {isa = PBXBuildFile; fileRef = 86B5A545293F286C0090AFF6 /* ViewController.swift */; };
		86B5A549293F286C0090AFF6 /* Main.storyboard in Resources */ = {isa = PBXBuildFile; fileRef = 86B5A547293F286C0090AFF6 /* Main.storyboard */; };
		86B5A54B293F286E0090AFF6 /* Assets.xcassets in Resources */ = {isa = PBXBuildFile; fileRef = 86B5A54A293F286E0090AFF6 /* Assets.xcassets */; };
		86B5A54E293F286E0090AFF6 /* LaunchScreen.storyboard in Resources */ = {isa = PBXBuildFile; fileRef = 86B5A54C293F286E0090AFF6 /* LaunchScreen.storyboard */; };
		86B5A559293F286E0090AFF6 /* Protocol_KullanimiTests.swift in Sources */ = {isa = PBXBuildFile; fileRef = 86B5A558293F286E0090AFF6 /* Protocol_KullanimiTests.swift */; };
		86B5A563293F286E0090AFF6 /* Protocol_KullanimiUITests.swift in Sources */ = {isa = PBXBuildFile; fileRef = 86B5A562293F286E0090AFF6 /* Protocol_KullanimiUITests.swift */; };
		86B5A565293F286E0090AFF6 /* Protocol_KullanimiUITestsLaunchTests.swift in Sources */ = {isa = PBXBuildFile; fileRef = 86B5A564293F286E0090AFF6 /* Protocol_KullanimiUITestsLaunchTests.swift */; };
		86B5A572293F2A3B0090AFF6 /* DetayVC.swift in Sources */ = {isa = PBXBuildFile; fileRef = 86B5A571293F2A3B0090AFF6 /* DetayVC.swift */; };
		86B5A574293F2FF10090AFF6 /* Protocols.swift in Sources */ = {isa = PBXBuildFile; fileRef = 86B5A573293F2FF10090AFF6 /* Protocols.swift */; };
/* End PBXBuildFile section */

/* Begin PBXContainerItemProxy section */
		86B5A555293F286E0090AFF6 /* PBXContainerItemProxy */ = {
			isa = PBXContainerItemProxy;
			containerPortal = 86B5A536293F286C0090AFF6 /* Project object */;
			proxyType = 1;
			remoteGlobalIDString = 86B5A53D293F286C0090AFF6;
			remoteInfo = "Protocol Kullanimi";
		};
		86B5A55F293F286E0090AFF6 /* PBXContainerItemProxy */ = {
			isa = PBXContainerItemProxy;
			containerPortal = 86B5A536293F286C0090AFF6 /* Project object */;
			proxyType = 1;
			remoteGlobalIDString = 86B5A53D293F286C0090AFF6;
			remoteInfo = "Protocol Kullanimi";
		};
/* End PBXContainerItemProxy section */

/* Begin PBXFileReference section */
		86B5A53E293F286C0090AFF6 /* Protocol Kullanimi.app */ = {isa = PBXFileReference; explicitFileType = wrapper.application; includeInIndex = 0; path = "Protocol Kullanimi.app"; sourceTree = BUILT_PRODUCTS_DIR; };
		86B5A541293F286C0090AFF6 /* AppDelegate.swift */ = {isa = PBXFileReference; lastKnownFileType = sourcecode.swift; path = AppDelegate.swift; sourceTree = "<group>"; };
		86B5A543293F286C0090AFF6 /* SceneDelegate.swift */ = {isa = PBXFileReference; lastKnownFileType = sourcecode.swift; path = SceneDelegate.swift; sourceTree = "<group>"; };
		86B5A545293F286C0090AFF6 /* ViewController.swift */ = {isa = PBXFileReference; lastKnownFileType = sourcecode.swift; path = ViewController.swift; sourceTree = "<group>"; };
		86B5A548293F286C0090AFF6 /* Base */ = {isa = PBXFileReference; lastKnownFileType = file.storyboard; name = Base; path = Base.lproj/Main.storyboard; sourceTree = "<group>"; };
		86B5A54A293F286E0090AFF6 /* Assets.xcassets */ = {isa = PBXFileReference; lastKnownFileType = folder.assetcatalog; path = Assets.xcassets; sourceTree = "<group>"; };
		86B5A54D293F286E0090AFF6 /* Base */ = {isa = PBXFileReference; lastKnownFileType = file.storyboard; name = Base; path = Base.lproj/LaunchScreen.storyboard; sourceTree = "<group>"; };
		86B5A54F293F286E0090AFF6 /* Info.plist */ = {isa = PBXFileReference; lastKnownFileType = text.plist.xml; path = Info.plist; sourceTree = "<group>"; };
		86B5A554293F286E0090AFF6 /* Protocol KullanimiTests.xctest */ = {isa = PBXFileReference; explicitFileType = wrapper.cfbundle; includeInIndex = 0; path = "Protocol KullanimiTests.xctest"; sourceTree = BUILT_PRODUCTS_DIR; };
		86B5A558293F286E0090AFF6 /* Protocol_KullanimiTests.swift */ = {isa = PBXFileReference; lastKnownFileType = sourcecode.swift; path = Protocol_KullanimiTests.swift; sourceTree = "<group>"; };
		86B5A55E293F286E0090AFF6 /* Protocol KullanimiUITests.xctest */ = {isa = PBXFileReference; explicitFileType = wrapper.cfbundle; includeInIndex = 0; path = "Protocol KullanimiUITests.xctest"; sourceTree = BUILT_PRODUCTS_DIR; };
		86B5A562293F286E0090AFF6 /* Protocol_KullanimiUITests.swift */ = {isa = PBXFileReference; lastKnownFileType = sourcecode.swift; path = Protocol_KullanimiUITests.swift; sourceTree = "<group>"; };
		86B5A564293F286E0090AFF6 /* Protocol_KullanimiUITestsLaunchTests.swift */ = {isa = PBXFileReference; lastKnownFileType = sourcecode.swift; path = Protocol_KullanimiUITestsLaunchTests.swift; sourceTree = "<group>"; };
		86B5A571293F2A3B0090AFF6 /* DetayVC.swift */ = {isa = PBXFileReference; lastKnownFileType = sourcecode.swift; path = DetayVC.swift; sourceTree = "<group>"; };
		86B5A573293F2FF10090AFF6 /* Protocols.swift */ = {isa = PBXFileReference; lastKnownFileType = sourcecode.swift; path = Protocols.swift; sourceTree = "<group>"; };
/* End PBXFileReference section */

/* Begin PBXFrameworksBuildPhase section */
		86B5A53B293F286C0090AFF6 /* Frameworks */ = {
			isa = PBXFrameworksBuildPhase;
			buildActionMask = 2147483647;
			files = (
			);
			runOnlyForDeploymentPostprocessing = 0;
		};
		86B5A551293F286E0090AFF6 /* Frameworks */ = {
			isa = PBXFrameworksBuildPhase;
			buildActionMask = 2147483647;
			files = (
			);
			runOnlyForDeploymentPostprocessing = 0;
		};
		86B5A55B293F286E0090AFF6 /* Frameworks */ = {
			isa = PBXFrameworksBuildPhase;
			buildActionMask = 2147483647;
			files = (
			);
			runOnlyForDeploymentPostprocessing = 0;
		};
/* End PBXFrameworksBuildPhase section */

/* Begin PBXGroup section */
		86B5A535293F286C0090AFF6 = {
			isa = PBXGroup;
			children = (
				86B5A540293F286C0090AFF6 /* Protocol Kullanimi */,
				86B5A557293F286E0090AFF6 /* Protocol KullanimiTests */,
				86B5A561293F286E0090AFF6 /* Protocol KullanimiUITests */,
				86B5A53F293F286C0090AFF6 /* Products */,
			);
			sourceTree = "<group>";
		};
		86B5A53F293F286C0090AFF6 /* Products */ = {
			isa = PBXGroup;
			children = (
				86B5A53E293F286C0090AFF6 /* Protocol Kullanimi.app */,
				86B5A554293F286E0090AFF6 /* Protocol KullanimiTests.xctest */,
				86B5A55E293F286E0090AFF6 /* Protocol KullanimiUITests.xctest */,
			);
			name = Products;
			sourceTree = "<group>";
		};
		86B5A540293F286C0090AFF6 /* Protocol Kullanimi */ = {
			isa = PBXGroup;
			children = (
				86B5A541293F286C0090AFF6 /* AppDelegate.swift */,
				86B5A543293F286C0090AFF6 /* SceneDelegate.swift */,
				86B5A545293F286C0090AFF6 /* ViewController.swift */,
				86B5A547293F286C0090AFF6 /* Main.storyboard */,
				86B5A54A293F286E0090AFF6 /* Assets.xcassets */,
				86B5A54C293F286E0090AFF6 /* LaunchScreen.storyboard */,
				86B5A54F293F286E0090AFF6 /* Info.plist */,
				86B5A571293F2A3B0090AFF6 /* DetayVC.swift */,
				86B5A573293F2FF10090AFF6 /* Protocols.swift */,
			);
			path = "Protocol Kullanimi";
			sourceTree = "<group>";
		};
		86B5A557293F286E0090AFF6 /* Protocol KullanimiTests */ = {
			isa = PBXGroup;
			children = (
				86B5A558293F286E0090AFF6 /* Protocol_KullanimiTests.swift */,
			);
			path = "Protocol KullanimiTests";
			sourceTree = "<group>";
		};
		86B5A561293F286E0090AFF6 /* Protocol KullanimiUITests */ = {
			isa = PBXGroup;
			children = (
				86B5A562293F286E0090AFF6 /* Protocol_KullanimiUITests.swift */,
				86B5A564293F286E0090AFF6 /* Protocol_KullanimiUITestsLaunchTests.swift */,
			);
			path = "Protocol KullanimiUITests";
			sourceTree = "<group>";
		};
/* End PBXGroup section */

/* Begin PBXNativeTarget section */
		86B5A53D293F286C0090AFF6 /* Protocol Kullanimi */ = {
			isa = PBXNativeTarget;
			buildConfigurationList = 86B5A568293F286E0090AFF6 /* Build configuration list for PBXNativeTarget "Protocol Kullanimi" */;
			buildPhases = (
				86B5A53A293F286C0090AFF6 /* Sources */,
				86B5A53B293F286C0090AFF6 /* Frameworks */,
				86B5A53C293F286C0090AFF6 /* Resources */,
			);
			buildRules = (
			);
			dependencies = (
			);
			name = "Protocol Kullanimi";
			productName = "Protocol Kullanimi";
			productReference = 86B5A53E293F286C0090AFF6 /* Protocol Kullanimi.app */;
			productType = "com.apple.product-type.application";
		};
		86B5A553293F286E0090AFF6 /* Protocol KullanimiTests */ = {
			isa = PBXNativeTarget;
			buildConfigurationList = 86B5A56B293F286E0090AFF6 /* Build configuration list for PBXNativeTarget "Protocol KullanimiTests" */;
			buildPhases = (
				86B5A550293F286E0090AFF6 /* Sources */,
				86B5A551293F286E0090AFF6 /* Frameworks */,
				86B5A552293F286E0090AFF6 /* Resources */,
			);
			buildRules = (
			);
			dependencies = (
				86B5A556293F286E0090AFF6 /* PBXTargetDependency */,
			);
			name = "Protocol KullanimiTests";
			productName = "Protocol KullanimiTests";
			productReference = 86B5A554293F286E0090AFF6 /* Protocol KullanimiTests.xctest */;
			productType = "com.apple.product-type.bundle.unit-test";
		};
		86B5A55D293F286E0090AFF6 /* Protocol KullanimiUITests */ = {
			isa = PBXNativeTarget;
			buildConfigurationList = 86B5A56E293F286E0090AFF6 /* Build configuration list for PBXNativeTarget "Protocol KullanimiUITests" */;
			buildPhases = (
				86B5A55A293F286E0090AFF6 /* Sources */,
				86B5A55B293F286E0090AFF6 /* Frameworks */,
				86B5A55C293F286E0090AFF6 /* Resources */,
			);
			buildRules = (
			);
			dependencies = (
				86B5A560293F286E0090AFF6 /* PBXTargetDependency */,
			);
			name = "Protocol KullanimiUITests";
			productName = "Protocol KullanimiUITests";
			productReference = 86B5A55E293F286E0090AFF6 /* Protocol KullanimiUITests.xctest */;
			productType = "com.apple.product-type.bundle.ui-testing";
		};
/* End PBXNativeTarget section */

/* Begin PBXProject section */
		86B5A536293F286C0090AFF6 /* Project object */ = {
			isa = PBXProject;
			attributes = {
				BuildIndependentTargetsInParallel = 1;
				LastSwiftUpdateCheck = 1400;
				LastUpgradeCheck = 1400;
				TargetAttributes = {
					86B5A53D293F286C0090AFF6 = {
						CreatedOnToolsVersion = 14.0.1;
					};
					86B5A553293F286E0090AFF6 = {
						CreatedOnToolsVersion = 14.0.1;
						TestTargetID = 86B5A53D293F286C0090AFF6;
					};
					86B5A55D293F286E0090AFF6 = {
						CreatedOnToolsVersion = 14.0.1;
						TestTargetID = 86B5A53D293F286C0090AFF6;
					};
				};
			};
			buildConfigurationList = 86B5A539293F286C0090AFF6 /* Build configuration list for PBXProject "Protocol Kullanimi" */;
			compatibilityVersion = "Xcode 14.0";
			developmentRegion = en;
			hasScannedForEncodings = 0;
			knownRegions = (
				en,
				Base,
			);
			mainGroup = 86B5A535293F286C0090AFF6;
			productRefGroup = 86B5A53F293F286C0090AFF6 /* Products */;
			projectDirPath = "";
			projectRoot = "";
			targets = (
				86B5A53D293F286C0090AFF6 /* Protocol Kullanimi */,
				86B5A553293F286E0090AFF6 /* Protocol KullanimiTests */,
				86B5A55D293F286E0090AFF6 /* Protocol KullanimiUITests */,
			);
		};
/* End PBXProject section */

/* Begin PBXResourcesBuildPhase section */
		86B5A53C293F286C0090AFF6 /* Resources */ = {
			isa = PBXResourcesBuildPhase;
			buildActionMask = 2147483647;
			files = (
				86B5A54E293F286E0090AFF6 /* LaunchScreen.storyboard in Resources */,
				86B5A54B293F286E0090AFF6 /* Assets.xcassets in Resources */,
				86B5A549293F286C0090AFF6 /* Main.storyboard in Resources */,
			);
			runOnlyForDeploymentPostprocessing = 0;
		};
		86B5A552293F286E0090AFF6 /* Resources */ = {
			isa = PBXResourcesBuildPhase;
			buildActionMask = 2147483647;
			files = (
			);
			runOnlyForDeploymentPostprocessing = 0;
		};
		86B5A55C293F286E0090AFF6 /* Resources */ = {
			isa = PBXResourcesBuildPhase;
			buildActionMask = 2147483647;
			files = (
			);
			runOnlyForDeploymentPostprocessing = 0;
		};
/* End PBXResourcesBuildPhase section */

/* Begin PBXSourcesBuildPhase section */
		86B5A53A293F286C0090AFF6 /* Sources */ = {
			isa = PBXSourcesBuildPhase;
			buildActionMask = 2147483647;
			files = (
				86B5A574293F2FF10090AFF6 /* Protocols.swift in Sources */,
				86B5A572293F2A3B0090AFF6 /* DetayVC.swift in Sources */,
				86B5A546293F286C0090AFF6 /* ViewController.swift in Sources */,
				86B5A542293F286C0090AFF6 /* AppDelegate.swift in Sources */,
				86B5A544293F286C0090AFF6 /* SceneDelegate.swift in Sources */,
			);
			runOnlyForDeploymentPostprocessing = 0;
		};
		86B5A550293F286E0090AFF6 /* Sources */ = {
			isa = PBXSourcesBuildPhase;
			buildActionMask = 2147483647;
			files = (
				86B5A559293F286E0090AFF6 /* Protocol_KullanimiTests.swift in Sources */,
			);
			runOnlyForDeploymentPostprocessing = 0;
		};
		86B5A55A293F286E0090AFF6 /* Sources */ = {
			isa = PBXSourcesBuildPhase;
			buildActionMask = 2147483647;
			files = (
				86B5A563293F286E0090AFF6 /* Protocol_KullanimiUITests.swift in Sources */,
				86B5A565293F286E0090AFF6 /* Protocol_KullanimiUITestsLaunchTests.swift in Sources */,
			);
			runOnlyForDeploymentPostprocessing = 0;
		};
/* End PBXSourcesBuildPhase section */

/* Begin PBXTargetDependency section */
		86B5A556293F286E0090AFF6 /* PBXTargetDependency */ = {
			isa = PBXTargetDependency;
			target = 86B5A53D293F286C0090AFF6 /* Protocol Kullanimi */;
			targetProxy = 86B5A555293F286E0090AFF6 /* PBXContainerItemProxy */;
		};
		86B5A560293F286E0090AFF6 /* PBXTargetDependency */ = {
			isa = PBXTargetDependency;
			target = 86B5A53D293F286C0090AFF6 /* Protocol Kullanimi */;
			targetProxy = 86B5A55F293F286E0090AFF6 /* PBXContainerItemProxy */;
		};
/* End PBXTargetDependency section */

/* Begin PBXVariantGroup section */
		86B5A547293F286C0090AFF6 /* Main.storyboard */ = {
			isa = PBXVariantGroup;
			children = (
				86B5A548293F286C0090AFF6 /* Base */,
			);
			name = Main.storyboard;
			sourceTree = "<group>";
		};
		86B5A54C293F286E0090AFF6 /* LaunchScreen.storyboard */ = {
			isa = PBXVariantGroup;
			children = (
				86B5A54D293F286E0090AFF6 /* Base */,
			);
			name = LaunchScreen.storyboard;
			sourceTree = "<group>";
		};
/* End PBXVariantGroup section */

/* Begin XCBuildConfiguration section */
		86B5A566293F286E0090AFF6 /* Debug */ = {
			isa = XCBuildConfiguration;
			buildSettings = {
				ALWAYS_SEARCH_USER_PATHS = NO;
				CLANG_ANALYZER_NONNULL = YES;
				CLANG_ANALYZER_NUMBER_OBJECT_CONVERSION = YES_AGGRESSIVE;
				CLANG_CXX_LANGUAGE_STANDARD = "gnu++20";
				CLANG_ENABLE_MODULES = YES;
				CLANG_ENABLE_OBJC_ARC = YES;
				CLANG_ENABLE_OBJC_WEAK = YES;
				CLANG_WARN_BLOCK_CAPTURE_AUTORELEASING = YES;
				CLANG_WARN_BOOL_CONVERSION = YES;
				CLANG_WARN_COMMA = YES;
				CLANG_WARN_CONSTANT_CONVERSION = YES;
				CLANG_WARN_DEPRECATED_OBJC_IMPLEMENTATIONS = YES;
				CLANG_WARN_DIRECT_OBJC_ISA_USAGE = YES_ERROR;
				CLANG_WARN_DOCUMENTATION_COMMENTS = YES;
				CLANG_WARN_EMPTY_BODY = YES;
				CLANG_WARN_ENUM_CONVERSION = YES;
				CLANG_WARN_INFINITE_RECURSION = YES;
				CLANG_WARN_INT_CONVERSION = YES;
				CLANG_WARN_NON_LITERAL_NULL_CONVERSION = YES;
				CLANG_WARN_OBJC_IMPLICIT_RETAIN_SELF = YES;
				CLANG_WARN_OBJC_LITERAL_CONVERSION = YES;
				CLANG_WARN_OBJC_ROOT_CLASS = YES_ERROR;
				CLANG_WARN_QUOTED_INCLUDE_IN_FRAMEWORK_HEADER = YES;
				CLANG_WARN_RANGE_LOOP_ANALYSIS = YES;
				CLANG_WARN_STRICT_PROTOTYPES = YES;
				CLANG_WARN_SUSPICIOUS_MOVE = YES;
				CLANG_WARN_UNGUARDED_AVAILABILITY = YES_AGGRESSIVE;
				CLANG_WARN_UNREACHABLE_CODE = YES;
				CLANG_WARN__DUPLICATE_METHOD_MATCH = YES;
				COPY_PHASE_STRIP = NO;
				DEBUG_INFORMATION_FORMAT = dwarf;
				ENABLE_STRICT_OBJC_MSGSEND = YES;
				ENABLE_TESTABILITY = YES;
				GCC_C_LANGUAGE_STANDARD = gnu11;
				GCC_DYNAMIC_NO_PIC = NO;
				GCC_NO_COMMON_BLOCKS = YES;
				GCC_OPTIMIZATION_LEVEL = 0;
				GCC_PREPROCESSOR_DEFINITIONS = (
					"DEBUG=1",
					"$(inherited)",
				);
				GCC_WARN_64_TO_32_BIT_CONVERSION = YES;
				GCC_WARN_ABOUT_RETURN_TYPE = YES_ERROR;
				GCC_WARN_UNDECLARED_SELECTOR = YES;
				GCC_WARN_UNINITIALIZED_AUTOS = YES_AGGRESSIVE;
				GCC_WARN_UNUSED_FUNCTION = YES;
				GCC_WARN_UNUSED_VARIABLE = YES;
				IPHONEOS_DEPLOYMENT_TARGET = 16.0;
				MTL_ENABLE_DEBUG_INFO = INCLUDE_SOURCE;
				MTL_FAST_MATH = YES;
				ONLY_ACTIVE_ARCH = YES;
				SDKROOT = iphoneos;
				SWIFT_ACTIVE_COMPILATION_CONDITIONS = DEBUG;
				SWIFT_OPTIMIZATION_LEVEL = "-Onone";
			};
			name = Debug;
		};
		86B5A567293F286E0090AFF6 /* Release */ = {
			isa = XCBuildConfiguration;
			buildSettings = {
				ALWAYS_SEARCH_USER_PATHS = NO;
				CLANG_ANALYZER_NONNULL = YES;
				CLANG_ANALYZER_NUMBER_OBJECT_CONVERSION = YES_AGGRESSIVE;
				CLANG_CXX_LANGUAGE_STANDARD = "gnu++20";
				CLANG_ENABLE_MODULES = YES;
				CLANG_ENABLE_OBJC_ARC = YES;
				CLANG_ENABLE_OBJC_WEAK = YES;
				CLANG_WARN_BLOCK_CAPTURE_AUTORELEASING = YES;
				CLANG_WARN_BOOL_CONVERSION = YES;
				CLANG_WARN_COMMA = YES;
				CLANG_WARN_CONSTANT_CONVERSION = YES;
				CLANG_WARN_DEPRECATED_OBJC_IMPLEMENTATIONS = YES;
				CLANG_WARN_DIRECT_OBJC_ISA_USAGE = YES_ERROR;
				CLANG_WARN_DOCUMENTATION_COMMENTS = YES;
				CLANG_WARN_EMPTY_BODY = YES;
				CLANG_WARN_ENUM_CONVERSION = YES;
				CLANG_WARN_INFINITE_RECURSION = YES;
				CLANG_WARN_INT_CONVERSION = YES;
				CLANG_WARN_NON_LITERAL_NULL_CONVERSION = YES;
				CLANG_WARN_OBJC_IMPLICIT_RETAIN_SELF = YES;
				CLANG_WARN_OBJC_LITERAL_CONVERSION = YES;
				CLANG_WARN_OBJC_ROOT_CLASS = YES_ERROR;
				CLANG_WARN_QUOTED_INCLUDE_IN_FRAMEWORK_HEADER = YES;
				CLANG_WARN_RANGE_LOOP_ANALYSIS = YES;
				CLANG_WARN_STRICT_PROTOTYPES = YES;
				CLANG_WARN_SUSPICIOUS_MOVE = YES;
				CLANG_WARN_UNGUARDED_AVAILABILITY = YES_AGGRESSIVE;
				CLANG_WARN_UNREACHABLE_CODE = YES;
				CLANG_WARN__DUPLICATE_METHOD_MATCH = YES;
				COPY_PHASE_STRIP = NO;
				DEBUG_INFORMATION_FORMAT = "dwarf-with-dsym";
				ENABLE_NS_ASSERTIONS = NO;
				ENABLE_STRICT_OBJC_MSGSEND = YES;
				GCC_C_LANGUAGE_STANDARD = gnu11;
				GCC_NO_COMMON_BLOCKS = YES;
				GCC_WARN_64_TO_32_BIT_CONVERSION = YES;
				GCC_WARN_ABOUT_RETURN_TYPE = YES_ERROR;
				GCC_WARN_UNDECLARED_SELECTOR = YES;
				GCC_WARN_UNINITIALIZED_AUTOS = YES_AGGRESSIVE;
				GCC_WARN_UNUSED_FUNCTION = YES;
				GCC_WARN_UNUSED_VARIABLE = YES;
				IPHONEOS_DEPLOYMENT_TARGET = 16.0;
				MTL_ENABLE_DEBUG_INFO = NO;
				MTL_FAST_MATH = YES;
				SDKROOT = iphoneos;
				SWIFT_COMPILATION_MODE = wholemodule;
				SWIFT_OPTIMIZATION_LEVEL = "-O";
				VALIDATE_PRODUCT = YES;
			};
			name = Release;
		};
		86B5A569293F286E0090AFF6 /* Debug */ = {
			isa = XCBuildConfiguration;
			buildSettings = {
				ASSETCATALOG_COMPILER_APPICON_NAME = AppIcon;
				ASSETCATALOG_COMPILER_GLOBAL_ACCENT_COLOR_NAME = AccentColor;
				CODE_SIGN_STYLE = Automatic;
				CURRENT_PROJECT_VERSION = 1;
				DEVELOPMENT_TEAM = DW4R8GHFA2;
				GENERATE_INFOPLIST_FILE = YES;
				INFOPLIST_FILE = "Protocol Kullanimi/Info.plist";
				INFOPLIST_KEY_UIApplicationSupportsIndirectInputEvents = YES;
				INFOPLIST_KEY_UILaunchStoryboardName = LaunchScreen;
				INFOPLIST_KEY_UIMainStoryboardFile = Main;
				INFOPLIST_KEY_UISupportedInterfaceOrientations_iPad = "UIInterfaceOrientationPortrait UIInterfaceOrientationPortraitUpsideDown UIInterfaceOrientationLandscapeLeft UIInterfaceOrientationLandscapeRight";
				INFOPLIST_KEY_UISupportedInterfaceOrientations_iPhone = "UIInterfaceOrientationPortrait UIInterfaceOrientationLandscapeLeft UIInterfaceOrientationLandscapeRight";
				LD_RUNPATH_SEARCH_PATHS = (
					"$(inherited)",
					"@executable_path/Frameworks",
				);
				MARKETING_VERSION = 1.0;
				PRODUCT_BUNDLE_IDENTIFIER = "ilker.Protocol-Kullanimi";
				PRODUCT_NAME = "$(TARGET_NAME)";
				SWIFT_EMIT_LOC_STRINGS = YES;
				SWIFT_VERSION = 5.0;
				TARGETED_DEVICE_FAMILY = "1,2";
			};
			name = Debug;
		};
		86B5A56A293F286E0090AFF6 /* Release */ = {
			isa = XCBuildConfiguration;
			buildSettings = {
				ASSETCATALOG_COMPILER_APPICON_NAME = AppIcon;
				ASSETCATALOG_COMPILER_GLOBAL_ACCENT_COLOR_NAME = AccentColor;
				CODE_SIGN_STYLE = Automatic;
				CURRENT_PROJECT_VERSION = 1;
				DEVELOPMENT_TEAM = DW4R8GHFA2;
				GENERATE_INFOPLIST_FILE = YES;
				INFOPLIST_FILE = "Protocol Kullanimi/Info.plist";
				INFOPLIST_KEY_UIApplicationSupportsIndirectInputEvents = YES;
				INFOPLIST_KEY_UILaunchStoryboardName = LaunchScreen;
				INFOPLIST_KEY_UIMainStoryboardFile = Main;
				INFOPLIST_KEY_UISupportedInterfaceOrientations_iPad = "UIInterfaceOrientationPortrait UIInterfaceOrientationPortraitUpsideDown UIInterfaceOrientationLandscapeLeft UIInterfaceOrientationLandscapeRight";
				INFOPLIST_KEY_UISupportedInterfaceOrientations_iPhone = "UIInterfaceOrientationPortrait UIInterfaceOrientationLandscapeLeft UIInterfaceOrientationLandscapeRight";
				LD_RUNPATH_SEARCH_PATHS = (
					"$(inherited)",
					"@executable_path/Frameworks",
				);
				MARKETING_VERSION = 1.0;
				PRODUCT_BUNDLE_IDENTIFIER = "ilker.Protocol-Kullanimi";
				PRODUCT_NAME = "$(TARGET_NAME)";
				SWIFT_EMIT_LOC_STRINGS = YES;
				SWIFT_VERSION = 5.0;
				TARGETED_DEVICE_FAMILY = "1,2";
			};
			name = Release;
		};
		86B5A56C293F286E0090AFF6 /* Debug */ = {
			isa = XCBuildConfiguration;
			buildSettings = {
				ALWAYS_EMBED_SWIFT_STANDARD_LIBRARIES = YES;
				BUNDLE_LOADER = "$(TEST_HOST)";
				CODE_SIGN_STYLE = Automatic;
				CURRENT_PROJECT_VERSION = 1;
				DEVELOPMENT_TEAM = DW4R8GHFA2;
				GENERATE_INFOPLIST_FILE = YES;
				IPHONEOS_DEPLOYMENT_TARGET = 16.0;
				MARKETING_VERSION = 1.0;
				PRODUCT_BUNDLE_IDENTIFIER = "ilker.Protocol-KullanimiTests";
				PRODUCT_NAME = "$(TARGET_NAME)";
				SWIFT_EMIT_LOC_STRINGS = NO;
				SWIFT_VERSION = 5.0;
				TARGETED_DEVICE_FAMILY = "1,2";
				TEST_HOST = "$(BUILT_PRODUCTS_DIR)/Protocol Kullanimi.app/$(BUNDLE_EXECUTABLE_FOLDER_PATH)/Protocol Kullanimi";
			};
			name = Debug;
		};
		86B5A56D293F286E0090AFF6 /* Release */ = {
			isa = XCBuildConfiguration;
			buildSettings = {
				ALWAYS_EMBED_SWIFT_STANDARD_LIBRARIES = YES;
				BUNDLE_LOADER = "$(TEST_HOST)";
				CODE_SIGN_STYLE = Automatic;
				CURRENT_PROJECT_VERSION = 1;
				DEVELOPMENT_TEAM = DW4R8GHFA2;
				GENERATE_INFOPLIST_FILE = YES;
				IPHONEOS_DEPLOYMENT_TARGET = 16.0;
				MARKETING_VERSION = 1.0;
				PRODUCT_BUNDLE_IDENTIFIER = "ilker.Protocol-KullanimiTests";
				PRODUCT_NAME = "$(TARGET_NAME)";
				SWIFT_EMIT_LOC_STRINGS = NO;
				SWIFT_VERSION = 5.0;
				TARGETED_DEVICE_FAMILY = "1,2";
				TEST_HOST = "$(BUILT_PRODUCTS_DIR)/Protocol Kullanimi.app/$(BUNDLE_EXECUTABLE_FOLDER_PATH)/Protocol Kullanimi";
			};
			name = Release;
		};
		86B5A56F293F286E0090AFF6 /* Debug */ = {
			isa = XCBuildConfiguration;
			buildSettings = {
				ALWAYS_EMBED_SWIFT_STANDARD_LIBRARIES = YES;
				CODE_SIGN_STYLE = Automatic;
				CURRENT_PROJECT_VERSION = 1;
				DEVELOPMENT_TEAM = DW4R8GHFA2;
				GENERATE_INFOPLIST_FILE = YES;
				MARKETING_VERSION = 1.0;
				PRODUCT_BUNDLE_IDENTIFIER = "ilker.Protocol-KullanimiUITests";
				PRODUCT_NAME = "$(TARGET_NAME)";
				SWIFT_EMIT_LOC_STRINGS = NO;
				SWIFT_VERSION = 5.0;
				TARGETED_DEVICE_FAMILY = "1,2";
				TEST_TARGET_NAME = "Protocol Kullanimi";
			};
			name = Debug;
		};
		86B5A570293F286E0090AFF6 /* Release */ = {
			isa = XCBuildConfiguration;
			buildSettings = {
				ALWAYS_EMBED_SWIFT_STANDARD_LIBRARIES = YES;
				CODE_SIGN_STYLE = Automatic;
				CURRENT_PROJECT_VERSION = 1;
				DEVELOPMENT_TEAM = DW4R8GHFA2;
				GENERATE_INFOPLIST_FILE = YES;
				MARKETING_VERSION = 1.0;
				PRODUCT_BUNDLE_IDENTIFIER = "ilker.Protocol-KullanimiUITests";
				PRODUCT_NAME = "$(TARGET_NAME)";
				SWIFT_EMIT_LOC_STRINGS = NO;
				SWIFT_VERSION = 5.0;
				TARGETED_DEVICE_FAMILY = "1,2";
				TEST_TARGET_NAME = "Protocol Kullanimi";
			};
			name = Release;
		};
/* End XCBuildConfiguration section */

/* Begin XCConfigurationList section */
		86B5A539293F286C0090AFF6 /* Build configuration list for PBXProject "Protocol Kullanimi" */ = {
			isa = XCConfigurationList;
			buildConfigurations = (
				86B5A566293F286E0090AFF6 /* Debug */,
				86B5A567293F286E0090AFF6 /* Release */,
			);
			defaultConfigurationIsVisible = 0;
			defaultConfigurationName = Release;
		};
		86B5A568293F286E0090AFF6 /* Build configuration list for PBXNativeTarget "Protocol Kullanimi" */ = {
			isa = XCConfigurationList;
			buildConfigurations = (
				86B5A569293F286E0090AFF6 /* Debug */,
				86B5A56A293F286E0090AFF6 /* Release */,
			);
			defaultConfigurationIsVisible = 0;
			defaultConfigurationName = Release;
		};
		86B5A56B293F286E0090AFF6 /* Build configuration list for PBXNativeTarget "Protocol KullanimiTests" */ = {
			isa = XCConfigurationList;
			buildConfigurations = (
				86B5A56C293F286E0090AFF6 /* Debug */,
				86B5A56D293F286E0090AFF6 /* Release */,
			);
			defaultConfigurationIsVisible = 0;
			defaultConfigurationName = Release;
		};
		86B5A56E293F286E0090AFF6 /* Build configuration list for PBXNativeTarget "Protocol KullanimiUITests" */ = {
			isa = XCConfigurationList;
			buildConfigurations = (
				86B5A56F293F286E0090AFF6 /* Debug */,
				86B5A570293F286E0090AFF6 /* Release */,
			);
			defaultConfigurationIsVisible = 0;
			defaultConfigurationName = Release;
		};
/* End XCConfigurationList section */
	};
	rootObject = 86B5A536293F286C0090AFF6 /* Project object */;
}
